
Microsoft Visual Studio Solution File, Format Version 12.00
# Visual Studio 2012
Project("{FAE04EC0-301F-11D3-BF4B-00C04F79EFBC}") = "ViewState_Sample", "ViewState_Sample\ViewState_Sample.csproj", "{6A35331B-6EBB-4D16-9709-267AE6677FB2}"
EndProject
Project("{FAE04EC0-301F-11D3-BF4B-00C04F79EFBC}") = "ViewState_Decode", "ViewState_Decode\ViewState_Decode.csproj", "{FD413D56-0706-430E-8287-FA2805E61AB2}"
EndProject
Global
	GlobalSection(SolutionConfigurationPlatforms) = preSolution
		Debug|Any CPU = Debug|Any CPU
		Release|Any CPU = Release|Any CPU
	EndGlobalSection
	GlobalSection(ProjectConfigurationPlatforms) = postSolution
		{6A35331B-6EBB-4D16-9709-267AE6677FB2}.Debug|Any CPU.ActiveCfg = Debug|Any CPU
		{6A35331B-6EBB-4D16-9709-267AE6677FB2}.Debug|Any CPU.Build.0 = Debug|Any CPU
		{6A35331B-6EBB-4D16-9709-267AE6677FB2}.Release|Any CPU.ActiveCfg = Release|Any CPU
		{6A35331B-6EBB-4D16-9709-267AE6677FB2}.Release|Any CPU.Build.0 = Release|Any CPU
		{FD413D56-0706-430E-8287-FA2805E61AB2}.Debug|Any CPU.ActiveCfg = Debug|Any CPU
		{FD413D56-0706-430E-8287-FA2805E61AB2}.Debug|Any CPU.Build.0 = Debug|Any CPU
		{FD413D56-0706-430E-8287-FA2805E61AB2}.Release|Any CPU.ActiveCfg = Release|Any CPU
		{FD413D56-0706-430E-8287-FA2805E61AB2}.Release|Any CPU.Build.0 = Release|Any CPU
	EndGlobalSection
	GlobalSection(SolutionProperties) = preSolution
		HideSolutionNode = FALSE
	EndGlobalSection
EndGlobal
